// !$*UTF8*$!
{
	archiveVersion = 1;
	classes = {
	};
	objectVersion = 56;
	objects = {

/* Begin PBXBuildFile section */
		E61EB6F32952195D0057608E /* UtteranceApp.swift in Sources */ = {isa = PBXBuildFile; fileRef = E61EB6F22952195D0057608E /* UtteranceApp.swift */; };
		E61EB6F52952195D0057608E /* HomeView.swift in Sources */ = {isa = PBXBuildFile; fileRef = E61EB6F42952195D0057608E /* HomeView.swift */; };
		E61EB6F72952195E0057608E /* Assets.xcassets in Resources */ = {isa = PBXBuildFile; fileRef = E61EB6F62952195E0057608E /* Assets.xcassets */; };
		E61EB6FA2952195E0057608E /* Preview Assets.xcassets in Resources */ = {isa = PBXBuildFile; fileRef = E61EB6F92952195E0057608E /* Preview Assets.xcassets */; };
		E6D5BB6E2957134800DEE0B0 /* DragComponent.swift in Sources */ = {isa = PBXBuildFile; fileRef = E6D5BB692957134800DEE0B0 /* DragComponent.swift */; };
		E6D5BB6F2957134800DEE0B0 /* UnlockButtonStyle.swift in Sources */ = {isa = PBXBuildFile; fileRef = E6D5BB6A2957134800DEE0B0 /* UnlockButtonStyle.swift */; };
		E6D5BB702957134800DEE0B0 /* BackgroundComponent.swift in Sources */ = {isa = PBXBuildFile; fileRef = E6D5BB6B2957134800DEE0B0 /* BackgroundComponent.swift */; };
		E6D5BB712957134800DEE0B0 /* ColorStyle.swift in Sources */ = {isa = PBXBuildFile; fileRef = E6D5BB6C2957134800DEE0B0 /* ColorStyle.swift */; };
		E6D5BB722957134800DEE0B0 /* SlideToUnlockButtonView.swift in Sources */ = {isa = PBXBuildFile; fileRef = E6D5BB6D2957134800DEE0B0 /* SlideToUnlockButtonView.swift */; };
		E6D5BB742957136200DEE0B0 /* OnboardingStarsAnimation.swift in Sources */ = {isa = PBXBuildFile; fileRef = E6D5BB732957136200DEE0B0 /* OnboardingStarsAnimation.swift */; };
/* End PBXBuildFile section */

/* Begin PBXFileReference section */
		E61EB6EF2952195D0057608E /* Utterance.app */ = {isa = PBXFileReference; explicitFileType = wrapper.application; includeInIndex = 0; path = Utterance.app; sourceTree = BUILT_PRODUCTS_DIR; };
		E61EB6F22952195D0057608E /* UtteranceApp.swift */ = {isa = PBXFileReference; lastKnownFileType = sourcecode.swift; path = UtteranceApp.swift; sourceTree = "<group>"; };
		E61EB6F42952195D0057608E /* HomeView.swift */ = {isa = PBXFileReference; lastKnownFileType = sourcecode.swift; path = HomeView.swift; sourceTree = "<group>"; };
		E61EB6F62952195E0057608E /* Assets.xcassets */ = {isa = PBXFileReference; lastKnownFileType = folder.assetcatalog; path = Assets.xcassets; sourceTree = "<group>"; };
		E61EB6F92952195E0057608E /* Preview Assets.xcassets */ = {isa = PBXFileReference; lastKnownFileType = folder.assetcatalog; path = "Preview Assets.xcassets"; sourceTree = "<group>"; };
		E6D5BB692957134800DEE0B0 /* DragComponent.swift */ = {isa = PBXFileReference; fileEncoding = 4; lastKnownFileType = sourcecode.swift; path = DragComponent.swift; sourceTree = "<group>"; };
		E6D5BB6A2957134800DEE0B0 /* UnlockButtonStyle.swift */ = {isa = PBXFileReference; fileEncoding = 4; lastKnownFileType = sourcecode.swift; path = UnlockButtonStyle.swift; sourceTree = "<group>"; };
		E6D5BB6B2957134800DEE0B0 /* BackgroundComponent.swift */ = {isa = PBXFileReference; fileEncoding = 4; lastKnownFileType = sourcecode.swift; path = BackgroundComponent.swift; sourceTree = "<group>"; };
		E6D5BB6C2957134800DEE0B0 /* ColorStyle.swift */ = {isa = PBXFileReference; fileEncoding = 4; lastKnownFileType = sourcecode.swift; path = ColorStyle.swift; sourceTree = "<group>"; };
		E6D5BB6D2957134800DEE0B0 /* SlideToUnlockButtonView.swift */ = {isa = PBXFileReference; fileEncoding = 4; lastKnownFileType = sourcecode.swift; path = SlideToUnlockButtonView.swift; sourceTree = "<group>"; };
		E6D5BB732957136200DEE0B0 /* OnboardingStarsAnimation.swift */ = {isa = PBXFileReference; fileEncoding = 4; lastKnownFileType = sourcecode.swift; path = OnboardingStarsAnimation.swift; sourceTree = "<group>"; };
/* End PBXFileReference section */

/* Begin PBXFrameworksBuildPhase section */
		E61EB6EC2952195D0057608E /* Frameworks */ = {
			isa = PBXFrameworksBuildPhase;
			buildActionMask = 2147483647;
			files = (
			);
			runOnlyForDeploymentPostprocessing = 0;
		};
/* End PBXFrameworksBuildPhase section */

/* Begin PBXGroup section */
		E61EB6E62952195D0057608E = {
			isa = PBXGroup;
			children = (
				E61EB6F12952195D0057608E /* Utterance */,
				E61EB6F02952195D0057608E /* Products */,
			);
			sourceTree = "<group>";
		};
		E61EB6F02952195D0057608E /* Products */ = {
			isa = PBXGroup;
			children = (
				E61EB6EF2952195D0057608E /* Utterance.app */,
			);
			name = Products;
			sourceTree = "<group>";
		};
		E61EB6F12952195D0057608E /* Utterance */ = {
			isa = PBXGroup;
			children = (
				E61EB6F42952195D0057608E /* HomeView.swift */,
				E6D5BB732957136200DEE0B0 /* OnboardingStarsAnimation.swift */,
				E61EB6F22952195D0057608E /* UtteranceApp.swift */,
				E61EB6F62952195E0057608E /* Assets.xcassets */,
				E6D5BB672957134800DEE0B0 /* Buttons */,
				E61EB6F82952195E0057608E /* Preview Content */,
			);
			path = Utterance;
			sourceTree = "<group>";
		};
		E61EB6F82952195E0057608E /* Preview Content */ = {
			isa = PBXGroup;
			children = (
				E61EB6F92952195E0057608E /* Preview Assets.xcassets */,
			);
			path = "Preview Content";
			sourceTree = "<group>";
		};
		E6D5BB672957134800DEE0B0 /* Buttons */ = {
			isa = PBXGroup;
			children = (
				E6D5BB682957134800DEE0B0 /* ButtonComponents */,
				E6D5BB6D2957134800DEE0B0 /* SlideToUnlockButtonView.swift */,
			);
			path = Buttons;
			sourceTree = "<group>";
		};
		E6D5BB682957134800DEE0B0 /* ButtonComponents */ = {
			isa = PBXGroup;
			children = (
				E6D5BB692957134800DEE0B0 /* DragComponent.swift */,
				E6D5BB6A2957134800DEE0B0 /* UnlockButtonStyle.swift */,
				E6D5BB6B2957134800DEE0B0 /* BackgroundComponent.swift */,
				E6D5BB6C2957134800DEE0B0 /* ColorStyle.swift */,
			);
			path = ButtonComponents;
			sourceTree = "<group>";
		};
/* End PBXGroup section */

/* Begin PBXNativeTarget section */
		E61EB6EE2952195D0057608E /* Utterance */ = {
			isa = PBXNativeTarget;
			buildConfigurationList = E61EB6FD2952195E0057608E /* Build configuration list for PBXNativeTarget "Utterance" */;
			buildPhases = (
				E61EB6EB2952195D0057608E /* Sources */,
				E61EB6EC2952195D0057608E /* Frameworks */,
				E61EB6ED2952195D0057608E /* Resources */,
			);
			buildRules = (
			);
			dependencies = (
			);
			name = Utterance;
			productName = Utterance;
			productReference = E61EB6EF2952195D0057608E /* Utterance.app */;
			productType = "com.apple.product-type.application";
		};
/* End PBXNativeTarget section */

/* Begin PBXProject section */
		E61EB6E72952195D0057608E /* Project object */ = {
			isa = PBXProject;
			attributes = {
				BuildIndependentTargetsInParallel = 1;
				LastSwiftUpdateCheck = 1420;
				LastUpgradeCheck = 1420;
				TargetAttributes = {
					E61EB6EE2952195D0057608E = {
						CreatedOnToolsVersion = 14.2;
					};
				};
			};
			buildConfigurationList = E61EB6EA2952195D0057608E /* Build configuration list for PBXProject "Utterance" */;
			compatibilityVersion = "Xcode 14.0";
			developmentRegion = en;
			hasScannedForEncodings = 0;
			knownRegions = (
				en,
				Base,
			);
			mainGroup = E61EB6E62952195D0057608E;
			productRefGroup = E61EB6F02952195D0057608E /* Products */;
			projectDirPath = "";
			projectRoot = "";
			targets = (
				E61EB6EE2952195D0057608E /* Utterance */,
			);
		};
/* End PBXProject section */

/* Begin PBXResourcesBuildPhase section */
		E61EB6ED2952195D0057608E /* Resources */ = {
			isa = PBXResourcesBuildPhase;
			buildActionMask = 2147483647;
			files = (
				E61EB6FA2952195E0057608E /* Preview Assets.xcassets in Resources */,
				E61EB6F72952195E0057608E /* Assets.xcassets in Resources */,
			);
			runOnlyForDeploymentPostprocessing = 0;
		};
/* End PBXResourcesBuildPhase section */

/* Begin PBXSourcesBuildPhase section */
		E61EB6EB2952195D0057608E /* Sources */ = {
			isa = PBXSourcesBuildPhase;
			buildActionMask = 2147483647;
			files = (
				E61EB6F52952195D0057608E /* HomeView.swift in Sources */,
				E6D5BB742957136200DEE0B0 /* OnboardingStarsAnimation.swift in Sources */,
				E6D5BB702957134800DEE0B0 /* BackgroundComponent.swift in Sources */,
				E61EB6F32952195D0057608E /* UtteranceApp.swift in Sources */,
				E6D5BB712957134800DEE0B0 /* ColorStyle.swift in Sources */,
				E6D5BB6E2957134800DEE0B0 /* DragComponent.swift in Sources */,
				E6D5BB6F2957134800DEE0B0 /* UnlockButtonStyle.swift in Sources */,
				E6D5BB722957134800DEE0B0 /* SlideToUnlockButtonView.swift in Sources */,
			);
			runOnlyForDeploymentPostprocessing = 0;
		};
/* End PBXSourcesBuildPhase section */

/* Begin XCBuildConfiguration section */
		E61EB6FB2952195E0057608E /* Debug */ = {
			isa = XCBuildConfiguration;
			buildSettings = {
				ALWAYS_SEARCH_USER_PATHS = NO;
				CLANG_ANALYZER_NONNULL = YES;
				CLANG_ANALYZER_NUMBER_OBJECT_CONVERSION = YES_AGGRESSIVE;
				CLANG_CXX_LANGUAGE_STANDARD = "gnu++20";
				CLANG_ENABLE_MODULES = YES;
				CLANG_ENABLE_OBJC_ARC = YES;
				CLANG_ENABLE_OBJC_WEAK = YES;
				CLANG_WARN_BLOCK_CAPTURE_AUTORELEASING = YES;
				CLANG_WARN_BOOL_CONVERSION = YES;
				CLANG_WARN_COMMA = YES;
				CLANG_WARN_CONSTANT_CONVERSION = YES;
				CLANG_WARN_DEPRECATED_OBJC_IMPLEMENTATIONS = YES;
				CLANG_WARN_DIRECT_OBJC_ISA_USAGE = YES_ERROR;
				CLANG_WARN_DOCUMENTATION_COMMENTS = YES;
				CLANG_WARN_EMPTY_BODY = YES;
				CLANG_WARN_ENUM_CONVERSION = YES;
				CLANG_WARN_INFINITE_RECURSION = YES;
				CLANG_WARN_INT_CONVERSION = YES;
				CLANG_WARN_NON_LITERAL_NULL_CONVERSION = YES;
				CLANG_WARN_OBJC_IMPLICIT_RETAIN_SELF = YES;
				CLANG_WARN_OBJC_LITERAL_CONVERSION = YES;
				CLANG_WARN_OBJC_ROOT_CLASS = YES_ERROR;
				CLANG_WARN_QUOTED_INCLUDE_IN_FRAMEWORK_HEADER = YES;
				CLANG_WARN_RANGE_LOOP_ANALYSIS = YES;
				CLANG_WARN_STRICT_PROTOTYPES = YES;
				CLANG_WARN_SUSPICIOUS_MOVE = YES;
				CLANG_WARN_UNGUARDED_AVAILABILITY = YES_AGGRESSIVE;
				CLANG_WARN_UNREACHABLE_CODE = YES;
				CLANG_WARN__DUPLICATE_METHOD_MATCH = YES;
				COPY_PHASE_STRIP = NO;
				DEBUG_INFORMATION_FORMAT = dwarf;
				ENABLE_STRICT_OBJC_MSGSEND = YES;
				ENABLE_TESTABILITY = YES;
				GCC_C_LANGUAGE_STANDARD = gnu11;
				GCC_DYNAMIC_NO_PIC = NO;
				GCC_NO_COMMON_BLOCKS = YES;
				GCC_OPTIMIZATION_LEVEL = 0;
				GCC_PREPROCESSOR_DEFINITIONS = (
					"DEBUG=1",
					"$(inherited)",
				);
				GCC_WARN_64_TO_32_BIT_CONVERSION = YES;
				GCC_WARN_ABOUT_RETURN_TYPE = YES_ERROR;
				GCC_WARN_UNDECLARED_SELECTOR = YES;
				GCC_WARN_UNINITIALIZED_AUTOS = YES_AGGRESSIVE;
				GCC_WARN_UNUSED_FUNCTION = YES;
				GCC_WARN_UNUSED_VARIABLE = YES;
				IPHONEOS_DEPLOYMENT_TARGET = 16.2;
				MTL_ENABLE_DEBUG_INFO = INCLUDE_SOURCE;
				MTL_FAST_MATH = YES;
				ONLY_ACTIVE_ARCH = YES;
				SDKROOT = iphoneos;
				SWIFT_ACTIVE_COMPILATION_CONDITIONS = DEBUG;
				SWIFT_OPTIMIZATION_LEVEL = "-Onone";
			};
			name = Debug;
		};
		E61EB6FC2952195E0057608E /* Release */ = {
			isa = XCBuildConfiguration;
			buildSettings = {
				ALWAYS_SEARCH_USER_PATHS = NO;
				CLANG_ANALYZER_NONNULL = YES;
				CLANG_ANALYZER_NUMBER_OBJECT_CONVERSION = YES_AGGRESSIVE;
				CLANG_CXX_LANGUAGE_STANDARD = "gnu++20";
				CLANG_ENABLE_MODULES = YES;
				CLANG_ENABLE_OBJC_ARC = YES;
				CLANG_ENABLE_OBJC_WEAK = YES;
				CLANG_WARN_BLOCK_CAPTURE_AUTORELEASING = YES;
				CLANG_WARN_BOOL_CONVERSION = YES;
				CLANG_WARN_COMMA = YES;
				CLANG_WARN_CONSTANT_CONVERSION = YES;
				CLANG_WARN_DEPRECATED_OBJC_IMPLEMENTATIONS = YES;
				CLANG_WARN_DIRECT_OBJC_ISA_USAGE = YES_ERROR;
				CLANG_WARN_DOCUMENTATION_COMMENTS = YES;
				CLANG_WARN_EMPTY_BODY = YES;
				CLANG_WARN_ENUM_CONVERSION = YES;
				CLANG_WARN_INFINITE_RECURSION = YES;
				CLANG_WARN_INT_CONVERSION = YES;
				CLANG_WARN_NON_LITERAL_NULL_CONVERSION = YES;
				CLANG_WARN_OBJC_IMPLICIT_RETAIN_SELF = YES;
				CLANG_WARN_OBJC_LITERAL_CONVERSION = YES;
				CLANG_WARN_OBJC_ROOT_CLASS = YES_ERROR;
				CLANG_WARN_QUOTED_INCLUDE_IN_FRAMEWORK_HEADER = YES;
				CLANG_WARN_RANGE_LOOP_ANALYSIS = YES;
				CLANG_WARN_STRICT_PROTOTYPES = YES;
				CLANG_WARN_SUSPICIOUS_MOVE = YES;
				CLANG_WARN_UNGUARDED_AVAILABILITY = YES_AGGRESSIVE;
				CLANG_WARN_UNREACHABLE_CODE = YES;
				CLANG_WARN__DUPLICATE_METHOD_MATCH = YES;
				COPY_PHASE_STRIP = NO;
				DEBUG_INFORMATION_FORMAT = "dwarf-with-dsym";
				ENABLE_NS_ASSERTIONS = NO;
				ENABLE_STRICT_OBJC_MSGSEND = YES;
				GCC_C_LANGUAGE_STANDARD = gnu11;
				GCC_NO_COMMON_BLOCKS = YES;
				GCC_WARN_64_TO_32_BIT_CONVERSION = YES;
				GCC_WARN_ABOUT_RETURN_TYPE = YES_ERROR;
				GCC_WARN_UNDECLARED_SELECTOR = YES;
				GCC_WARN_UNINITIALIZED_AUTOS = YES_AGGRESSIVE;
				GCC_WARN_UNUSED_FUNCTION = YES;
				GCC_WARN_UNUSED_VARIABLE = YES;
				IPHONEOS_DEPLOYMENT_TARGET = 16.2;
				MTL_ENABLE_DEBUG_INFO = NO;
				MTL_FAST_MATH = YES;
				SDKROOT = iphoneos;
				SWIFT_COMPILATION_MODE = wholemodule;
				SWIFT_OPTIMIZATION_LEVEL = "-O";
				VALIDATE_PRODUCT = YES;
			};
			name = Release;
		};
		E61EB6FE2952195E0057608E /* Debug */ = {
			isa = XCBuildConfiguration;
			buildSettings = {
				ASSETCATALOG_COMPILER_APPICON_NAME = AppIcon;
				ASSETCATALOG_COMPILER_GLOBAL_ACCENT_COLOR_NAME = AccentColor;
				CODE_SIGN_STYLE = Automatic;
				CURRENT_PROJECT_VERSION = 1;
				DEVELOPMENT_ASSET_PATHS = "\"Utterance/Preview Content\"";
				DEVELOPMENT_TEAM = 2639MC89ZJ;
				ENABLE_PREVIEWS = YES;
				GENERATE_INFOPLIST_FILE = YES;
				INFOPLIST_KEY_UIApplicationSceneManifest_Generation = YES;
				INFOPLIST_KEY_UIApplicationSupportsIndirectInputEvents = YES;
				INFOPLIST_KEY_UILaunchScreen_Generation = YES;
				INFOPLIST_KEY_UIStatusBarStyle = UIStatusBarStyleDarkContent;
				INFOPLIST_KEY_UISupportedInterfaceOrientations = UIInterfaceOrientationPortrait;
				INFOPLIST_KEY_UISupportedInterfaceOrientations_iPad = "UIInterfaceOrientationLandscapeLeft UIInterfaceOrientationLandscapeRight UIInterfaceOrientationPortrait UIInterfaceOrientationPortraitUpsideDown";
				IPHONEOS_DEPLOYMENT_TARGET = 16.0;
				LD_RUNPATH_SEARCH_PATHS = (
					"$(inherited)",
					"@executable_path/Frameworks",
				);
				MARKETING_VERSION = 1.0;
				PRODUCT_BUNDLE_IDENTIFIER = Home.Utterance;
				PRODUCT_NAME = "$(TARGET_NAME)";
				SUPPORTED_PLATFORMS = "iphoneos iphonesimulator";
				SUPPORTS_MACCATALYST = NO;
				SUPPORTS_MAC_DESIGNED_FOR_IPHONE_IPAD = NO;
				SWIFT_EMIT_LOC_STRINGS = YES;
				SWIFT_VERSION = 5.0;
				TARGETED_DEVICE_FAMILY = 1;
			};
			name = Debug;
		};
		E61EB6FF2952195E0057608E /* Release */ = {
			isa = XCBuildConfiguration;
			buildSettings = {
				ASSETCATALOG_COMPILER_APPICON_NAME = AppIcon;
				ASSETCATALOG_COMPILER_GLOBAL_ACCENT_COLOR_NAME = AccentColor;
				CODE_SIGN_STYLE = Automatic;
				CURRENT_PROJECT_VERSION = 1;
				DEVELOPMENT_ASSET_PATHS = "\"Utterance/Preview Content\"";
				DEVELOPMENT_TEAM = 2639MC89ZJ;
				ENABLE_PREVIEWS = YES;
				GENERATE_INFOPLIST_FILE = YES;
				INFOPLIST_KEY_UIApplicationSceneManifest_Generation = YES;
				INFOPLIST_KEY_UIApplicationSupportsIndirectInputEvents = YES;
				INFOPLIST_KEY_UILaunchScreen_Generation = YES;
				INFOPLIST_KEY_UIStatusBarStyle = UIStatusBarStyleDarkContent;
				INFOPLIST_KEY_UISupportedInterfaceOrientations = UIInterfaceOrientationPortrait;
				INFOPLIST_KEY_UISupportedInterfaceOrientations_iPad = "UIInterfaceOrientationLandscapeLeft UIInterfaceOrientationLandscapeRight UIInterfaceOrientationPortrait UIInterfaceOrientationPortraitUpsideDown";
				IPHONEOS_DEPLOYMENT_TARGET = 16.0;
				LD_RUNPATH_SEARCH_PATHS = (
					"$(inherited)",
					"@executable_path/Frameworks",
				);
				MARKETING_VERSION = 1.0;
				PRODUCT_BUNDLE_IDENTIFIER = Home.Utterance;
				PRODUCT_NAME = "$(TARGET_NAME)";
				SUPPORTED_PLATFORMS = "iphoneos iphonesimulator";
				SUPPORTS_MACCATALYST = NO;
				SUPPORTS_MAC_DESIGNED_FOR_IPHONE_IPAD = NO;
				SWIFT_EMIT_LOC_STRINGS = YES;
				SWIFT_VERSION = 5.0;
				TARGETED_DEVICE_FAMILY = 1;
			};
			name = Release;
		};
/* End XCBuildConfiguration section */

/* Begin XCConfigurationList section */
		E61EB6EA2952195D0057608E /* Build configuration list for PBXProject "Utterance" */ = {
			isa = XCConfigurationList;
			buildConfigurations = (
				E61EB6FB2952195E0057608E /* Debug */,
				E61EB6FC2952195E0057608E /* Release */,
			);
			defaultConfigurationIsVisible = 0;
			defaultConfigurationName = Release;
		};
		E61EB6FD2952195E0057608E /* Build configuration list for PBXNativeTarget "Utterance" */ = {
			isa = XCConfigurationList;
			buildConfigurations = (
				E61EB6FE2952195E0057608E /* Debug */,
				E61EB6FF2952195E0057608E /* Release */,
			);
			defaultConfigurationIsVisible = 0;
			defaultConfigurationName = Release;
		};
/* End XCConfigurationList section */
	};
	rootObject = E61EB6E72952195D0057608E /* Project object */;
}
