// !$*UTF8*$!
{
	archiveVersion = 1;
	classes = {
	};
	objectVersion = 56;
	objects = {

/* Begin PBXBuildFile section */
		E60FD436295B121200F6EBC2 /* VolumeSlider.swift in Sources */ = {isa = PBXBuildFile; fileRef = E60FD435295B121200F6EBC2 /* VolumeSlider.swift */; };
		E60FD43A295B16E900F6EBC2 /* RateStepper.swift in Sources */ = {isa = PBXBuildFile; fileRef = E60FD439295B16E900F6EBC2 /* RateStepper.swift */; };
		E60FD43C295B284100F6EBC2 /* PitchStepper.swift in Sources */ = {isa = PBXBuildFile; fileRef = E60FD43B295B284100F6EBC2 /* PitchStepper.swift */; };
		E60FD43F295B36B900F6EBC2 /* UtteranceViewModel.swift in Sources */ = {isa = PBXBuildFile; fileRef = E60FD43E295B36B900F6EBC2 /* UtteranceViewModel.swift */; };
		E61EB6F32952195D0057608E /* UtteranceApp.swift in Sources */ = {isa = PBXBuildFile; fileRef = E61EB6F22952195D0057608E /* UtteranceApp.swift */; };
		E61EB6F72952195E0057608E /* Assets.xcassets in Resources */ = {isa = PBXBuildFile; fileRef = E61EB6F62952195E0057608E /* Assets.xcassets */; };
		E61EB6FA2952195E0057608E /* Preview Assets.xcassets in Resources */ = {isa = PBXBuildFile; fileRef = E61EB6F92952195E0057608E /* Preview Assets.xcassets */; };
		E6A34ADC296C8E1A00FA4D30 /* VoicePicker.swift in Sources */ = {isa = PBXBuildFile; fileRef = E6A34ADB296C8E1A00FA4D30 /* VoicePicker.swift */; };
		E6C196FE29575AE000C85C69 /* SfDistantGalaxyOutline-xoeO.ttf in Resources */ = {isa = PBXBuildFile; fileRef = E6C196FD29575AE000C85C69 /* SfDistantGalaxyOutline-xoeO.ttf */; };
		E6C6319B2955F0D5000AAB26 /* PlayButton.swift in Sources */ = {isa = PBXBuildFile; fileRef = E6C6319A2955F0D5000AAB26 /* PlayButton.swift */; };
		E6C6319F2955F0E4000AAB26 /* PlayButtonStyle.swift in Sources */ = {isa = PBXBuildFile; fileRef = E6C6319E2955F0E4000AAB26 /* PlayButtonStyle.swift */; };
		E6D5BB6E2957134800DEE0B0 /* DragComponent.swift in Sources */ = {isa = PBXBuildFile; fileRef = E6D5BB692957134800DEE0B0 /* DragComponent.swift */; };
		E6D5BB712957134800DEE0B0 /* Color+StarWars.swift in Sources */ = {isa = PBXBuildFile; fileRef = E6D5BB6C2957134800DEE0B0 /* Color+StarWars.swift */; };
		E6D5BB722957134800DEE0B0 /* SlideToUnlockButton.swift in Sources */ = {isa = PBXBuildFile; fileRef = E6D5BB6D2957134800DEE0B0 /* SlideToUnlockButton.swift */; };
		E6D5BB742957136200DEE0B0 /* StarsAnimationView.swift in Sources */ = {isa = PBXBuildFile; fileRef = E6D5BB732957136200DEE0B0 /* StarsAnimationView.swift */; };
		E6D5BB7829572C5800DEE0B0 /* OnboardingView.swift in Sources */ = {isa = PBXBuildFile; fileRef = E6D5BB7729572C5800DEE0B0 /* OnboardingView.swift */; };
		E6FB90AE295A11F00070FCD2 /* UtteranceControlView.swift in Sources */ = {isa = PBXBuildFile; fileRef = E6FB90AD295A11F00070FCD2 /* UtteranceControlView.swift */; };
		E6FB90B6295A19770070FCD2 /* Font+StarWars.swift in Sources */ = {isa = PBXBuildFile; fileRef = E6FB90B5295A19770070FCD2 /* Font+StarWars.swift */; };
/* End PBXBuildFile section */

/* Begin PBXFileReference section */
		E60FD435295B121200F6EBC2 /* VolumeSlider.swift */ = {isa = PBXFileReference; lastKnownFileType = sourcecode.swift; path = VolumeSlider.swift; sourceTree = "<group>"; };
		E60FD439295B16E900F6EBC2 /* RateStepper.swift */ = {isa = PBXFileReference; lastKnownFileType = sourcecode.swift; path = RateStepper.swift; sourceTree = "<group>"; };
		E60FD43B295B284100F6EBC2 /* PitchStepper.swift */ = {isa = PBXFileReference; lastKnownFileType = sourcecode.swift; path = PitchStepper.swift; sourceTree = "<group>"; };
		E60FD43E295B36B900F6EBC2 /* UtteranceViewModel.swift */ = {isa = PBXFileReference; lastKnownFileType = sourcecode.swift; path = UtteranceViewModel.swift; sourceTree = "<group>"; };
		E61EB6EF2952195D0057608E /* Utterance.app */ = {isa = PBXFileReference; explicitFileType = wrapper.application; includeInIndex = 0; path = Utterance.app; sourceTree = BUILT_PRODUCTS_DIR; };
		E61EB6F22952195D0057608E /* UtteranceApp.swift */ = {isa = PBXFileReference; lastKnownFileType = sourcecode.swift; path = UtteranceApp.swift; sourceTree = "<group>"; };
		E61EB6F62952195E0057608E /* Assets.xcassets */ = {isa = PBXFileReference; lastKnownFileType = folder.assetcatalog; path = Assets.xcassets; sourceTree = "<group>"; };
		E61EB6F92952195E0057608E /* Preview Assets.xcassets */ = {isa = PBXFileReference; lastKnownFileType = folder.assetcatalog; path = "Preview Assets.xcassets"; sourceTree = "<group>"; };
		E6A34ADB296C8E1A00FA4D30 /* VoicePicker.swift */ = {isa = PBXFileReference; lastKnownFileType = sourcecode.swift; path = VoicePicker.swift; sourceTree = "<group>"; };
		E6C196FD29575AE000C85C69 /* SfDistantGalaxyOutline-xoeO.ttf */ = {isa = PBXFileReference; lastKnownFileType = file; path = "SfDistantGalaxyOutline-xoeO.ttf"; sourceTree = "<group>"; };
		E6C6319A2955F0D5000AAB26 /* PlayButton.swift */ = {isa = PBXFileReference; lastKnownFileType = sourcecode.swift; path = PlayButton.swift; sourceTree = "<group>"; };
		E6C6319E2955F0E4000AAB26 /* PlayButtonStyle.swift */ = {isa = PBXFileReference; lastKnownFileType = sourcecode.swift; path = PlayButtonStyle.swift; sourceTree = "<group>"; };
		E6D5BB692957134800DEE0B0 /* DragComponent.swift */ = {isa = PBXFileReference; fileEncoding = 4; lastKnownFileType = sourcecode.swift; path = DragComponent.swift; sourceTree = "<group>"; };
		E6D5BB6C2957134800DEE0B0 /* Color+StarWars.swift */ = {isa = PBXFileReference; fileEncoding = 4; lastKnownFileType = sourcecode.swift; path = "Color+StarWars.swift"; sourceTree = "<group>"; };
		E6D5BB6D2957134800DEE0B0 /* SlideToUnlockButton.swift */ = {isa = PBXFileReference; fileEncoding = 4; lastKnownFileType = sourcecode.swift; path = SlideToUnlockButton.swift; sourceTree = "<group>"; };
		E6D5BB732957136200DEE0B0 /* StarsAnimationView.swift */ = {isa = PBXFileReference; fileEncoding = 4; lastKnownFileType = sourcecode.swift; path = StarsAnimationView.swift; sourceTree = "<group>"; };
		E6D5BB7729572C5800DEE0B0 /* OnboardingView.swift */ = {isa = PBXFileReference; lastKnownFileType = sourcecode.swift; path = OnboardingView.swift; sourceTree = "<group>"; };
		E6D5BB7C295755A900DEE0B0 /* Info.plist */ = {isa = PBXFileReference; lastKnownFileType = text.plist.xml; path = Info.plist; sourceTree = "<group>"; };
		E6FB90AD295A11F00070FCD2 /* UtteranceControlView.swift */ = {isa = PBXFileReference; lastKnownFileType = sourcecode.swift; path = UtteranceControlView.swift; sourceTree = "<group>"; };
		E6FB90B5295A19770070FCD2 /* Font+StarWars.swift */ = {isa = PBXFileReference; lastKnownFileType = sourcecode.swift; path = "Font+StarWars.swift"; sourceTree = "<group>"; };
/* End PBXFileReference section */

/* Begin PBXFrameworksBuildPhase section */
		E61EB6EC2952195D0057608E /* Frameworks */ = {
			isa = PBXFrameworksBuildPhase;
			buildActionMask = 2147483647;
			files = (
			);
			runOnlyForDeploymentPostprocessing = 0;
		};
/* End PBXFrameworksBuildPhase section */

/* Begin PBXGroup section */
		E60FD430295AFCBD00F6EBC2 /* Controls */ = {
			isa = PBXGroup;
			children = (
				E6A34ADB296C8E1A00FA4D30 /* VoicePicker.swift */,
				E60FD435295B121200F6EBC2 /* VolumeSlider.swift */,
				E60FD439295B16E900F6EBC2 /* RateStepper.swift */,
				E60FD43B295B284100F6EBC2 /* PitchStepper.swift */,
			);
			path = Controls;
			sourceTree = "<group>";
		};
		E61EB6E62952195D0057608E = {
			isa = PBXGroup;
			children = (
				E61EB6F12952195D0057608E /* Utterance */,
				E61EB6F02952195D0057608E /* Products */,
			);
			sourceTree = "<group>";
		};
		E61EB6F02952195D0057608E /* Products */ = {
			isa = PBXGroup;
			children = (
				E61EB6EF2952195D0057608E /* Utterance.app */,
			);
			name = Products;
			sourceTree = "<group>";
		};
		E61EB6F12952195D0057608E /* Utterance */ = {
			isa = PBXGroup;
			children = (
				E61EB6F22952195D0057608E /* UtteranceApp.swift */,
				E60FD43E295B36B900F6EBC2 /* UtteranceViewModel.swift */,
				E6811BCF296EC93D00A45261 /* UI */,
				E61EB6F62952195E0057608E /* Assets.xcassets */,
				E6D5BB7C295755A900DEE0B0 /* Info.plist */,
				E61EB6F82952195E0057608E /* Preview Content */,
			);
			path = Utterance;
			sourceTree = "<group>";
		};
		E61EB6F82952195E0057608E /* Preview Content */ = {
			isa = PBXGroup;
			children = (
				E61EB6F92952195E0057608E /* Preview Assets.xcassets */,
			);
			path = "Preview Content";
			sourceTree = "<group>";
		};
		E6811BCF296EC93D00A45261 /* UI */ = {
			isa = PBXGroup;
			children = (
				E6D5BB6C2957134800DEE0B0 /* Color+StarWars.swift */,
				E6D5BB732957136200DEE0B0 /* StarsAnimationView.swift */,
				E6FB90AD295A11F00070FCD2 /* UtteranceControlView.swift */,
				E6D5BB672957134800DEE0B0 /* Buttons */,
				E60FD430295AFCBD00F6EBC2 /* Controls */,
				E6D5BB792957545500DEE0B0 /* Font */,
				E6D5BB752957255200DEE0B0 /* Onboarding */,
			);
			path = UI;
			sourceTree = "<group>";
		};
		E6D5BB672957134800DEE0B0 /* Buttons */ = {
			isa = PBXGroup;
			children = (
				E6C6319A2955F0D5000AAB26 /* PlayButton.swift */,
				E6D5BB6D2957134800DEE0B0 /* SlideToUnlockButton.swift */,
				E6D5BB682957134800DEE0B0 /* ButtonComponents */,
				E6D5BB762957259C00DEE0B0 /* ButtonStyle */,
			);
			path = Buttons;
			sourceTree = "<group>";
		};
		E6D5BB682957134800DEE0B0 /* ButtonComponents */ = {
			isa = PBXGroup;
			children = (
				E6D5BB692957134800DEE0B0 /* DragComponent.swift */,
			);
			path = ButtonComponents;
			sourceTree = "<group>";
		};
		E6D5BB752957255200DEE0B0 /* Onboarding */ = {
			isa = PBXGroup;
			children = (
				E6D5BB7729572C5800DEE0B0 /* OnboardingView.swift */,
			);
			path = Onboarding;
			sourceTree = "<group>";
		};
		E6D5BB762957259C00DEE0B0 /* ButtonStyle */ = {
			isa = PBXGroup;
			children = (
				E6C6319E2955F0E4000AAB26 /* PlayButtonStyle.swift */,
			);
			path = ButtonStyle;
			sourceTree = "<group>";
		};
		E6D5BB792957545500DEE0B0 /* Font */ = {
			isa = PBXGroup;
			children = (
				E6C196FD29575AE000C85C69 /* SfDistantGalaxyOutline-xoeO.ttf */,
				E6FB90B5295A19770070FCD2 /* Font+StarWars.swift */,
			);
			path = Font;
			sourceTree = "<group>";
		};
/* End PBXGroup section */

/* Begin PBXNativeTarget section */
		E61EB6EE2952195D0057608E /* Utterance */ = {
			isa = PBXNativeTarget;
			buildConfigurationList = E61EB6FD2952195E0057608E /* Build configuration list for PBXNativeTarget "Utterance" */;
			buildPhases = (
				E61EB6EB2952195D0057608E /* Sources */,
				E61EB6EC2952195D0057608E /* Frameworks */,
				E61EB6ED2952195D0057608E /* Resources */,
			);
			buildRules = (
			);
			dependencies = (
			);
			name = Utterance;
			productName = Utterance;
			productReference = E61EB6EF2952195D0057608E /* Utterance.app */;
			productType = "com.apple.product-type.application";
		};
/* End PBXNativeTarget section */

/* Begin PBXProject section */
		E61EB6E72952195D0057608E /* Project object */ = {
			isa = PBXProject;
			attributes = {
				BuildIndependentTargetsInParallel = 1;
				LastSwiftUpdateCheck = 1420;
				LastUpgradeCheck = 1420;
				TargetAttributes = {
					E61EB6EE2952195D0057608E = {
						CreatedOnToolsVersion = 14.2;
					};
				};
			};
			buildConfigurationList = E61EB6EA2952195D0057608E /* Build configuration list for PBXProject "Utterance" */;
			compatibilityVersion = "Xcode 14.0";
			developmentRegion = en;
			hasScannedForEncodings = 0;
			knownRegions = (
				en,
				Base,
			);
			mainGroup = E61EB6E62952195D0057608E;
			productRefGroup = E61EB6F02952195D0057608E /* Products */;
			projectDirPath = "";
			projectRoot = "";
			targets = (
				E61EB6EE2952195D0057608E /* Utterance */,
			);
		};
/* End PBXProject section */

/* Begin PBXResourcesBuildPhase section */
		E61EB6ED2952195D0057608E /* Resources */ = {
			isa = PBXResourcesBuildPhase;
			buildActionMask = 2147483647;
			files = (
				E61EB6FA2952195E0057608E /* Preview Assets.xcassets in Resources */,
				E6C196FE29575AE000C85C69 /* SfDistantGalaxyOutline-xoeO.ttf in Resources */,
				E61EB6F72952195E0057608E /* Assets.xcassets in Resources */,
			);
			runOnlyForDeploymentPostprocessing = 0;
		};
/* End PBXResourcesBuildPhase section */

/* Begin PBXSourcesBuildPhase section */
		E61EB6EB2952195D0057608E /* Sources */ = {
			isa = PBXSourcesBuildPhase;
			buildActionMask = 2147483647;
			files = (
				E6D5BB7829572C5800DEE0B0 /* OnboardingView.swift in Sources */,
				E6FB90AE295A11F00070FCD2 /* UtteranceControlView.swift in Sources */,
				E61EB6F32952195D0057608E /* UtteranceApp.swift in Sources */,
				E6C6319B2955F0D5000AAB26 /* PlayButton.swift in Sources */,
				E6FB90B6295A19770070FCD2 /* Font+StarWars.swift in Sources */,
				E6A34ADC296C8E1A00FA4D30 /* VoicePicker.swift in Sources */,
				E60FD43C295B284100F6EBC2 /* PitchStepper.swift in Sources */,
				E60FD436295B121200F6EBC2 /* VolumeSlider.swift in Sources */,
				E6C6319F2955F0E4000AAB26 /* PlayButtonStyle.swift in Sources */,
				E6D5BB742957136200DEE0B0 /* StarsAnimationView.swift in Sources */,
				E61EB6F32952195D0057608E /* UtteranceApp.swift in Sources */,
				E6D5BB712957134800DEE0B0 /* Color+StarWars.swift in Sources */,
				E6D5BB6E2957134800DEE0B0 /* DragComponent.swift in Sources */,
				E60FD43A295B16E900F6EBC2 /* RateStepper.swift in Sources */,
				E60FD43F295B36B900F6EBC2 /* UtteranceViewModel.swift in Sources */,
				E6D5BB722957134800DEE0B0 /* SlideToUnlockButton.swift in Sources */,
			);
			runOnlyForDeploymentPostprocessing = 0;
		};
/* End PBXSourcesBuildPhase section */

/* Begin XCBuildConfiguration section */
		E61EB6FB2952195E0057608E /* Debug */ = {
			isa = XCBuildConfiguration;
			buildSettings = {
				ALWAYS_SEARCH_USER_PATHS = NO;
				CLANG_ANALYZER_NONNULL = YES;
				CLANG_ANALYZER_NUMBER_OBJECT_CONVERSION = YES_AGGRESSIVE;
				CLANG_CXX_LANGUAGE_STANDARD = "gnu++20";
				CLANG_ENABLE_MODULES = YES;
				CLANG_ENABLE_OBJC_ARC = YES;
				CLANG_ENABLE_OBJC_WEAK = YES;
				CLANG_WARN_BLOCK_CAPTURE_AUTORELEASING = YES;
				CLANG_WARN_BOOL_CONVERSION = YES;
				CLANG_WARN_COMMA = YES;
				CLANG_WARN_CONSTANT_CONVERSION = YES;
				CLANG_WARN_DEPRECATED_OBJC_IMPLEMENTATIONS = YES;
				CLANG_WARN_DIRECT_OBJC_ISA_USAGE = YES_ERROR;
				CLANG_WARN_DOCUMENTATION_COMMENTS = YES;
				CLANG_WARN_EMPTY_BODY = YES;
				CLANG_WARN_ENUM_CONVERSION = YES;
				CLANG_WARN_INFINITE_RECURSION = YES;
				CLANG_WARN_INT_CONVERSION = YES;
				CLANG_WARN_NON_LITERAL_NULL_CONVERSION = YES;
				CLANG_WARN_OBJC_IMPLICIT_RETAIN_SELF = YES;
				CLANG_WARN_OBJC_LITERAL_CONVERSION = YES;
				CLANG_WARN_OBJC_ROOT_CLASS = YES_ERROR;
				CLANG_WARN_QUOTED_INCLUDE_IN_FRAMEWORK_HEADER = YES;
				CLANG_WARN_RANGE_LOOP_ANALYSIS = YES;
				CLANG_WARN_STRICT_PROTOTYPES = YES;
				CLANG_WARN_SUSPICIOUS_MOVE = YES;
				CLANG_WARN_UNGUARDED_AVAILABILITY = YES_AGGRESSIVE;
				CLANG_WARN_UNREACHABLE_CODE = YES;
				CLANG_WARN__DUPLICATE_METHOD_MATCH = YES;
				COPY_PHASE_STRIP = NO;
				DEBUG_INFORMATION_FORMAT = dwarf;
				ENABLE_STRICT_OBJC_MSGSEND = YES;
				ENABLE_TESTABILITY = YES;
				GCC_C_LANGUAGE_STANDARD = gnu11;
				GCC_DYNAMIC_NO_PIC = NO;
				GCC_NO_COMMON_BLOCKS = YES;
				GCC_OPTIMIZATION_LEVEL = 0;
				GCC_PREPROCESSOR_DEFINITIONS = (
					"DEBUG=1",
					"$(inherited)",
				);
				GCC_WARN_64_TO_32_BIT_CONVERSION = YES;
				GCC_WARN_ABOUT_RETURN_TYPE = YES_ERROR;
				GCC_WARN_UNDECLARED_SELECTOR = YES;
				GCC_WARN_UNINITIALIZED_AUTOS = YES_AGGRESSIVE;
				GCC_WARN_UNUSED_FUNCTION = YES;
				GCC_WARN_UNUSED_VARIABLE = YES;
				IPHONEOS_DEPLOYMENT_TARGET = 16.2;
				MTL_ENABLE_DEBUG_INFO = INCLUDE_SOURCE;
				MTL_FAST_MATH = YES;
				ONLY_ACTIVE_ARCH = YES;
				SDKROOT = iphoneos;
				SWIFT_ACTIVE_COMPILATION_CONDITIONS = DEBUG;
				SWIFT_OPTIMIZATION_LEVEL = "-Onone";
			};
			name = Debug;
		};
		E61EB6FC2952195E0057608E /* Release */ = {
			isa = XCBuildConfiguration;
			buildSettings = {
				ALWAYS_SEARCH_USER_PATHS = NO;
				CLANG_ANALYZER_NONNULL = YES;
				CLANG_ANALYZER_NUMBER_OBJECT_CONVERSION = YES_AGGRESSIVE;
				CLANG_CXX_LANGUAGE_STANDARD = "gnu++20";
				CLANG_ENABLE_MODULES = YES;
				CLANG_ENABLE_OBJC_ARC = YES;
				CLANG_ENABLE_OBJC_WEAK = YES;
				CLANG_WARN_BLOCK_CAPTURE_AUTORELEASING = YES;
				CLANG_WARN_BOOL_CONVERSION = YES;
				CLANG_WARN_COMMA = YES;
				CLANG_WARN_CONSTANT_CONVERSION = YES;
				CLANG_WARN_DEPRECATED_OBJC_IMPLEMENTATIONS = YES;
				CLANG_WARN_DIRECT_OBJC_ISA_USAGE = YES_ERROR;
				CLANG_WARN_DOCUMENTATION_COMMENTS = YES;
				CLANG_WARN_EMPTY_BODY = YES;
				CLANG_WARN_ENUM_CONVERSION = YES;
				CLANG_WARN_INFINITE_RECURSION = YES;
				CLANG_WARN_INT_CONVERSION = YES;
				CLANG_WARN_NON_LITERAL_NULL_CONVERSION = YES;
				CLANG_WARN_OBJC_IMPLICIT_RETAIN_SELF = YES;
				CLANG_WARN_OBJC_LITERAL_CONVERSION = YES;
				CLANG_WARN_OBJC_ROOT_CLASS = YES_ERROR;
				CLANG_WARN_QUOTED_INCLUDE_IN_FRAMEWORK_HEADER = YES;
				CLANG_WARN_RANGE_LOOP_ANALYSIS = YES;
				CLANG_WARN_STRICT_PROTOTYPES = YES;
				CLANG_WARN_SUSPICIOUS_MOVE = YES;
				CLANG_WARN_UNGUARDED_AVAILABILITY = YES_AGGRESSIVE;
				CLANG_WARN_UNREACHABLE_CODE = YES;
				CLANG_WARN__DUPLICATE_METHOD_MATCH = YES;
				COPY_PHASE_STRIP = NO;
				DEBUG_INFORMATION_FORMAT = "dwarf-with-dsym";
				ENABLE_NS_ASSERTIONS = NO;
				ENABLE_STRICT_OBJC_MSGSEND = YES;
				GCC_C_LANGUAGE_STANDARD = gnu11;
				GCC_NO_COMMON_BLOCKS = YES;
				GCC_WARN_64_TO_32_BIT_CONVERSION = YES;
				GCC_WARN_ABOUT_RETURN_TYPE = YES_ERROR;
				GCC_WARN_UNDECLARED_SELECTOR = YES;
				GCC_WARN_UNINITIALIZED_AUTOS = YES_AGGRESSIVE;
				GCC_WARN_UNUSED_FUNCTION = YES;
				GCC_WARN_UNUSED_VARIABLE = YES;
				IPHONEOS_DEPLOYMENT_TARGET = 16.2;
				MTL_ENABLE_DEBUG_INFO = NO;
				MTL_FAST_MATH = YES;
				SDKROOT = iphoneos;
				SWIFT_COMPILATION_MODE = wholemodule;
				SWIFT_OPTIMIZATION_LEVEL = "-O";
				VALIDATE_PRODUCT = YES;
			};
			name = Release;
		};
		E61EB6FE2952195E0057608E /* Debug */ = {
			isa = XCBuildConfiguration;
			buildSettings = {
				ASSETCATALOG_COMPILER_APPICON_NAME = AppIcon;
				ASSETCATALOG_COMPILER_GLOBAL_ACCENT_COLOR_NAME = AccentColor;
				ASSETCATALOG_COMPILER_INCLUDE_ALL_APPICON_ASSETS = NO;
				CODE_SIGN_STYLE = Automatic;
				CURRENT_PROJECT_VERSION = 1;
				DEVELOPMENT_ASSET_PATHS = "\"Utterance/Preview Content\"";
				DEVELOPMENT_TEAM = 2639MC89ZJ;
				ENABLE_PREVIEWS = YES;
				GENERATE_INFOPLIST_FILE = YES;
				INFOPLIST_FILE = Utterance/Info.plist;
				INFOPLIST_KEY_UIApplicationSceneManifest_Generation = YES;
				INFOPLIST_KEY_UIApplicationSupportsIndirectInputEvents = YES;
				INFOPLIST_KEY_UILaunchScreen_Generation = YES;
				INFOPLIST_KEY_UIStatusBarStyle = UIStatusBarStyleDarkContent;
				INFOPLIST_KEY_UISupportedInterfaceOrientations = UIInterfaceOrientationPortrait;
				INFOPLIST_KEY_UISupportedInterfaceOrientations_iPad = "UIInterfaceOrientationLandscapeLeft UIInterfaceOrientationLandscapeRight UIInterfaceOrientationPortrait UIInterfaceOrientationPortraitUpsideDown";
				IPHONEOS_DEPLOYMENT_TARGET = 16.0;
				LD_RUNPATH_SEARCH_PATHS = (
					"$(inherited)",
					"@executable_path/Frameworks",
				);
				MARKETING_VERSION = 1.0;
				PRODUCT_BUNDLE_IDENTIFIER = Home.Utterance;
				PRODUCT_NAME = "$(TARGET_NAME)";
				SUPPORTED_PLATFORMS = "iphoneos iphonesimulator";
				SUPPORTS_MACCATALYST = NO;
				SUPPORTS_MAC_DESIGNED_FOR_IPHONE_IPAD = NO;
				SWIFT_EMIT_LOC_STRINGS = YES;
				SWIFT_VERSION = 5.0;
				TARGETED_DEVICE_FAMILY = 1;
			};
			name = Debug;
		};
		E61EB6FF2952195E0057608E /* Release */ = {
			isa = XCBuildConfiguration;
			buildSettings = {
				ASSETCATALOG_COMPILER_APPICON_NAME = AppIcon;
				ASSETCATALOG_COMPILER_GLOBAL_ACCENT_COLOR_NAME = AccentColor;
				ASSETCATALOG_COMPILER_INCLUDE_ALL_APPICON_ASSETS = NO;
				CODE_SIGN_STYLE = Automatic;
				CURRENT_PROJECT_VERSION = 1;
				DEVELOPMENT_ASSET_PATHS = "\"Utterance/Preview Content\"";
				DEVELOPMENT_TEAM = 2639MC89ZJ;
				ENABLE_PREVIEWS = YES;
				GENERATE_INFOPLIST_FILE = YES;
				INFOPLIST_FILE = Utterance/Info.plist;
				INFOPLIST_KEY_UIApplicationSceneManifest_Generation = YES;
				INFOPLIST_KEY_UIApplicationSupportsIndirectInputEvents = YES;
				INFOPLIST_KEY_UILaunchScreen_Generation = YES;
				INFOPLIST_KEY_UIStatusBarStyle = UIStatusBarStyleDarkContent;
				INFOPLIST_KEY_UISupportedInterfaceOrientations = UIInterfaceOrientationPortrait;
				INFOPLIST_KEY_UISupportedInterfaceOrientations_iPad = "UIInterfaceOrientationLandscapeLeft UIInterfaceOrientationLandscapeRight UIInterfaceOrientationPortrait UIInterfaceOrientationPortraitUpsideDown";
				IPHONEOS_DEPLOYMENT_TARGET = 16.0;
				LD_RUNPATH_SEARCH_PATHS = (
					"$(inherited)",
					"@executable_path/Frameworks",
				);
				MARKETING_VERSION = 1.0;
				PRODUCT_BUNDLE_IDENTIFIER = Home.Utterance;
				PRODUCT_NAME = "$(TARGET_NAME)";
				SUPPORTED_PLATFORMS = "iphoneos iphonesimulator";
				SUPPORTS_MACCATALYST = NO;
				SUPPORTS_MAC_DESIGNED_FOR_IPHONE_IPAD = NO;
				SWIFT_EMIT_LOC_STRINGS = YES;
				SWIFT_VERSION = 5.0;
				TARGETED_DEVICE_FAMILY = 1;
			};
			name = Release;
		};
/* End XCBuildConfiguration section */

/* Begin XCConfigurationList section */
		E61EB6EA2952195D0057608E /* Build configuration list for PBXProject "Utterance" */ = {
			isa = XCConfigurationList;
			buildConfigurations = (
				E61EB6FB2952195E0057608E /* Debug */,
				E61EB6FC2952195E0057608E /* Release */,
			);
			defaultConfigurationIsVisible = 0;
			defaultConfigurationName = Release;
		};
		E61EB6FD2952195E0057608E /* Build configuration list for PBXNativeTarget "Utterance" */ = {
			isa = XCConfigurationList;
			buildConfigurations = (
				E61EB6FE2952195E0057608E /* Debug */,
				E61EB6FF2952195E0057608E /* Release */,
			);
			defaultConfigurationIsVisible = 0;
			defaultConfigurationName = Release;
		};
/* End XCConfigurationList section */
	};
	rootObject = E61EB6E72952195D0057608E /* Project object */;
}
